{
    "_meta": {
        "hash": {
            "sha256": "173b91a11169a125d32f682348f736af7b268f1f11b0f4b4a0076eba7dd28591"
        },
        "pipfile-spec": 6,
        "requires": {
            "python_version": "3.8"
        },
        "sources": [
            {
                "name": "pypi",
                "url": "https://pypi.org/simple",
                "verify_ssl": true
            }
        ]
    },
    "default": {
        "keyboard": {
            "hashes": [
                "sha256:63ed83305955939ca5c9a73755e5cc43e8242263f5ad5fd3bb7e0b032f3d308b",
                "sha256:8e9c2422f1217e0bd84489b9ecd361027cc78415828f4fe4f88dd4acd587947b"
            ],
            "index": "pypi",
            "version": "==0.13.5"
        },
        "nui": {
            "git": "https://github.com/TheNovi/Nui.git",
            "ref": "6c44c6436e8b98baea383a4f7cb4709519cc290d"
        },
        "python-vlc": {
            "hashes": [
                "sha256:b19cf0d74aa711ab62618efeb942ca898c50bd9f588ac9787c7c0ec95b20b73f",
                "sha256:c1a8a295bea8277fa3d9a07dcdf873fe18c5f11a0e4d1f618df47c316fe0003b"
            ],
            "index": "pypi",
            "version": "==3.0.10114"
        }
    },
    "develop": {}
}
